# This file is automatically @generated by Cargo.
# It is not intended for manual editing.
version = 3

[[package]]
name = "aoc22"
version = "0.1.0"
dependencies = [
 "parseline",
 "partial_sort",
]

[[package]]
name = "parseline"
version = "0.1.0"
source = "git+https://github.com/albheim/parseline#0c297f0bcdab4abed396fff8cc0f96aa7d6c83ab"

[[package]]
name = "partial_sort"
version = "0.1.2"
source = "registry+https://github.com/rust-lang/crates.io-index"
checksum = "00cf940f4ef65cb3c91884b1897d846adbdd54896b2db1936a23e43526b59c91"
